
Microsoft Visual Studio Solution File, Format Version 12.00
# Visual Studio Version 17
VisualStudioVersion = 17.0.31903.59
MinimumVisualStudioVersion = 10.0.40219.1
Project("{FAE04EC0-301F-11D3-BF4B-00C04F79EFBC}") = "DungeonSlime", "DungeonSlime\DungeonSlime.csproj", "{9F399A26-B2FE-44AB-9067-0027F3044E1B}"
EndProject
Project("{FAE04EC0-301F-11D3-BF4B-00C04F79EFBC}") = "MonoGameLibrary", "MonoGameLibrary\MonoGameLibrary.csproj", "{0363F563-4D86-467F-8EFD-13F189642909}"
EndProject
Global
	GlobalSection(SolutionConfigurationPlatforms) = preSolution
		Debug|Any CPU = Debug|Any CPU
		Debug|x64 = Debug|x64
		Debug|x86 = Debug|x86
		Release|Any CPU = Release|Any CPU
		Release|x64 = Release|x64
		Release|x86 = Release|x86
	EndGlobalSection
	GlobalSection(ProjectConfigurationPlatforms) = postSolution
		{9F399A26-B2FE-44AB-9067-0027F3044E1B}.Debug|Any CPU.ActiveCfg = Debug|Any CPU
		{9F399A26-B2FE-44AB-9067-0027F3044E1B}.Debug|Any CPU.Build.0 = Debug|Any CPU
		{9F399A26-B2FE-44AB-9067-0027F3044E1B}.Debug|x64.ActiveCfg = Debug|Any CPU
		{9F399A26-B2FE-44AB-9067-0027F3044E1B}.Debug|x64.Build.0 = Debug|Any CPU
		{9F399A26-B2FE-44AB-9067-0027F3044E1B}.Debug|x86.ActiveCfg = Debug|Any CPU
		{9F399A26-B2FE-44AB-9067-0027F3044E1B}.Debug|x86.Build.0 = Debug|Any CPU
		{9F399A26-B2FE-44AB-9067-0027F3044E1B}.Release|Any CPU.ActiveCfg = Release|Any CPU
		{9F399A26-B2FE-44AB-9067-0027F3044E1B}.Release|Any CPU.Build.0 = Release|Any CPU
		{9F399A26-B2FE-44AB-9067-0027F3044E1B}.Release|x64.ActiveCfg = Release|Any CPU
		{9F399A26-B2FE-44AB-9067-0027F3044E1B}.Release|x64.Build.0 = Release|Any CPU
		{9F399A26-B2FE-44AB-9067-0027F3044E1B}.Release|x86.ActiveCfg = Release|Any CPU
		{9F399A26-B2FE-44AB-9067-0027F3044E1B}.Release|x86.Build.0 = Release|Any CPU
		{0363F563-4D86-467F-8EFD-13F189642909}.Debug|Any CPU.ActiveCfg = Debug|Any CPU
		{0363F563-4D86-467F-8EFD-13F189642909}.Debug|Any CPU.Build.0 = Debug|Any CPU
		{0363F563-4D86-467F-8EFD-13F189642909}.Debug|x64.ActiveCfg = Debug|Any CPU
		{0363F563-4D86-467F-8EFD-13F189642909}.Debug|x64.Build.0 = Debug|Any CPU
		{0363F563-4D86-467F-8EFD-13F189642909}.Debug|x86.ActiveCfg = Debug|Any CPU
		{0363F563-4D86-467F-8EFD-13F189642909}.Debug|x86.Build.0 = Debug|Any CPU
		{0363F563-4D86-467F-8EFD-13F189642909}.Release|Any CPU.ActiveCfg = Release|Any CPU
		{0363F563-4D86-467F-8EFD-13F189642909}.Release|Any CPU.Build.0 = Release|Any CPU
		{0363F563-4D86-467F-8EFD-13F189642909}.Release|x64.ActiveCfg = Release|Any CPU
		{0363F563-4D86-467F-8EFD-13F189642909}.Release|x64.Build.0 = Release|Any CPU
		{0363F563-4D86-467F-8EFD-13F189642909}.Release|x86.ActiveCfg = Release|Any CPU
		{0363F563-4D86-467F-8EFD-13F189642909}.Release|x86.Build.0 = Release|Any CPU
	EndGlobalSection
	GlobalSection(SolutionProperties) = preSolution
		HideSolutionNode = FALSE
	EndGlobalSection
EndGlobal
